
Microsoft Visual Studio Solution File, Format Version 12.00
# Visual Studio Version 16
VisualStudioVersion = 16.0.28803.202
MinimumVisualStudioVersion = 10.0.40219.1
Project("{9A19103F-16F7-4668-BE54-9A1E7A4F7556}") = "WorkSpace", "WorkSpace\WorkSpace.csproj", "{D4AD688B-7322-4704-98D2-3FE04D60BB02}"
EndProject
Project("{FAE04EC0-301F-11D3-BF4B-00C04F79EFBC}") = "WorkSpaceConsole", "WorkSpaceConsole\WorkSpaceConsole.csproj", "{31D0D859-40F9-4205-932B-A73C7A933F6D}"
EndProject
Global
	GlobalSection(SolutionConfigurationPlatforms) = preSolution
		Debug|Any CPU = Debug|Any CPU
		Release|Any CPU = Release|Any CPU
	EndGlobalSection
	GlobalSection(ProjectConfigurationPlatforms) = postSolution
		{D4AD688B-7322-4704-98D2-3FE04D60BB02}.Debug|Any CPU.ActiveCfg = Debug|Any CPU
		{D4AD688B-7322-4704-98D2-3FE04D60BB02}.Debug|Any CPU.Build.0 = Debug|Any CPU
		{D4AD688B-7322-4704-98D2-3FE04D60BB02}.Release|Any CPU.ActiveCfg = Release|Any CPU
		{D4AD688B-7322-4704-98D2-3FE04D60BB02}.Release|Any CPU.Build.0 = Release|Any CPU
		{31D0D859-40F9-4205-932B-A73C7A933F6D}.Debug|Any CPU.ActiveCfg = Debug|Any CPU
		{31D0D859-40F9-4205-932B-A73C7A933F6D}.Debug|Any CPU.Build.0 = Debug|Any CPU
		{31D0D859-40F9-4205-932B-A73C7A933F6D}.Release|Any CPU.ActiveCfg = Release|Any CPU
		{31D0D859-40F9-4205-932B-A73C7A933F6D}.Release|Any CPU.Build.0 = Release|Any CPU
	EndGlobalSection
	GlobalSection(SolutionProperties) = preSolution
		HideSolutionNode = FALSE
	EndGlobalSection
	GlobalSection(ExtensibilityGlobals) = postSolution
		SolutionGuid = {16901A30-7A4B-444B-B71A-64C094FD0FB5}
	EndGlobalSection
EndGlobal
